PODS:
  - Alamofire (4.6.0)
  - Bolts (1.9.0):
    - Bolts/AppLinks (= 1.9.0)
    - Bolts/Tasks (= 1.9.0)
  - Bolts/AppLinks (1.9.0):
    - Bolts/Tasks
  - Bolts/Tasks (1.9.0)
  - CRNotifications (1.1.3)
  - FacebookCore (0.3.0):
    - Bolts (~> 1.8)
    - FBSDKCoreKit (~> 4.27)
  - FacebookLogin (0.3.0):
    - Bolts (~> 1.8)
    - FacebookCore (~> 0.3)
    - FBSDKCoreKit (~> 4.27)
    - FBSDKLoginKit (~> 4.27)
  - FBSDKCoreKit (4.30.0):
    - Bolts (~> 1.7)
  - FBSDKLoginKit (4.30.0):
    - FBSDKCoreKit
  - Firebase/Auth (3.17.0):
    - Firebase/Core
    - FirebaseAuth (= 3.1.1)
  - Firebase/Core (3.17.0):
    - FirebaseAnalytics (= 3.9.0)
    - FirebaseCore (= 3.6.0)
  - Firebase/Database (3.17.0):
    - Firebase/Core
    - FirebaseDatabase (= 3.1.2)
  - Firebase/Messaging (3.17.0):
    - Firebase/Core
    - FirebaseMessaging (= 1.2.3)
  - Firebase/RemoteConfig (3.17.0):
    - Firebase/Core
    - FirebaseRemoteConfig (= 1.3.4)
  - Firebase/Storage (3.17.0):
    - Firebase/Core
    - FirebaseStorage (= 1.1.0)
  - FirebaseAnalytics (3.9.0):
    - FirebaseCore (~> 3.6)
    - FirebaseInstanceID (~> 1.0)
    - "GoogleToolboxForMac/NSData+zlib (~> 2.1)"
  - FirebaseAuth (3.1.1):
    - FirebaseAnalytics (~> 3.7)
    - "GoogleToolboxForMac/NSDictionary+URLArguments (~> 2.1)"
    - GTMSessionFetcher/Core (~> 1.1)
  - FirebaseCore (3.6.0):
    - "GoogleToolboxForMac/NSData+zlib (~> 2.1)"
  - FirebaseDatabase (3.1.2):
    - FirebaseAnalytics (~> 3.7)
  - FirebaseInstanceID (1.0.10):
    - FirebaseCore (~> 3.6)
  - FirebaseMessaging (1.2.3):
    - FirebaseAnalytics (~> 3.8)
    - FirebaseInstanceID (~> 1.0)
    - GoogleToolboxForMac/Logger (~> 2.1)
    - Protobuf (~> 3.1)
  - FirebaseRemoteConfig (1.3.4):
    - FirebaseAnalytics (~> 3.7)
    - FirebaseInstanceID (~> 1.0)
    - "GoogleToolboxForMac/NSData+zlib (~> 2.1)"
    - Protobuf (~> 3.1)
  - FirebaseStorage (1.1.0):
    - FirebaseAnalytics (~> 3.7)
    - GTMSessionFetcher/Core (~> 1.1)
  - Google/Core (3.1.0):
    - FirebaseAnalytics (~> 3.2)
  - Google/SignIn (3.1.0):
    - Google/Core
    - GoogleSignIn (~> 4.0)
  - GoogleMaps (2.7.0):
    - GoogleMaps/Maps (= 2.7.0)
  - GoogleMaps/Base (2.7.0)
  - GoogleMaps/Maps (2.7.0):
    - GoogleMaps/Base
  - GooglePlacePicker (2.7.0):
    - GoogleMaps (= 2.7.0)
    - GooglePlaces (= 2.7.0)
  - GooglePlaces (2.7.0):
    - GoogleMaps/Base (= 2.7.0)
  - GooglePlacesSearchController (0.1.7)
  - GoogleSignIn (4.1.2):
    - "GoogleToolboxForMac/NSDictionary+URLArguments (~> 2.1)"
    - "GoogleToolboxForMac/NSString+URLArguments (~> 2.1)"
    - GTMOAuth2 (~> 1.0)
    - GTMSessionFetcher/Core (~> 1.1)
  - GoogleToolboxForMac/DebugUtils (2.1.3):
    - GoogleToolboxForMac/Defines (= 2.1.3)
  - GoogleToolboxForMac/Defines (2.1.3)
  - GoogleToolboxForMac/Logger (2.1.3):
    - GoogleToolboxForMac/Defines (= 2.1.3)
  - "GoogleToolboxForMac/NSData+zlib (2.1.3)":
    - GoogleToolboxForMac/Defines (= 2.1.3)
  - "GoogleToolboxForMac/NSDictionary+URLArguments (2.1.3)":
    - GoogleToolboxForMac/DebugUtils (= 2.1.3)
    - GoogleToolboxForMac/Defines (= 2.1.3)
    - "GoogleToolboxForMac/NSString+URLArguments (= 2.1.3)"
  - "GoogleToolboxForMac/NSString+URLArguments (2.1.3)"
  - GTMOAuth2 (1.1.6):
    - GTMSessionFetcher (~> 1.1)
  - GTMSessionFetcher (1.1.13):
    - GTMSessionFetcher/Full (= 1.1.13)
  - GTMSessionFetcher/Core (1.1.13)
  - GTMSessionFetcher/Full (1.1.13):
    - GTMSessionFetcher/Core (= 1.1.13)
  - ImageSlideshow/Core (1.5.1)
  - ImageSlideshow/Kingfisher (1.5.1):
    - ImageSlideshow/Core
    - Kingfisher (> 3.0)
  - JSQMessagesViewController (7.3.5):
    - JSQSystemSoundPlayer (~> 2.0.1)
  - JSQSystemSoundPlayer (2.0.1)
  - Kingfisher (4.6.1)
  - Protobuf (3.5.0)
  - ReachabilitySwift (4.1.0)
  - SANotificationViews (0.1.1)
  - SVProgressHUD (2.2.2)
  - SwiftyJSON (4.0.0)
  - WARangeSlider (1.1.1)

DEPENDENCIES:
  - Alamofire
  - CRNotifications
  - FacebookCore
  - FacebookLogin
  - Firebase/Auth
  - Firebase/Core
  - Firebase/Database
  - Firebase/Messaging
  - Firebase/RemoteConfig
  - Firebase/Storage
  - Google/SignIn
  - GoogleMaps
  - GooglePlacePicker
  - GooglePlaces
  - GooglePlacesSearchController
  - ImageSlideshow/Kingfisher
  - JSQMessagesViewController
  - Kingfisher
  - ReachabilitySwift
  - SANotificationViews
  - SVProgressHUD
  - SwiftyJSON
  - WARangeSlider

SPEC REPOS:
  https://github.com/cocoapods/specs.git:
    - Alamofire
    - Bolts
    - CRNotifications
    - FacebookCore
    - FacebookLogin
    - FBSDKCoreKit
    - FBSDKLoginKit
    - Firebase
    - FirebaseAnalytics
    - FirebaseAuth
    - FirebaseCore
    - FirebaseDatabase
    - FirebaseInstanceID
    - FirebaseMessaging
    - FirebaseRemoteConfig
    - FirebaseStorage
    - Google
    - GoogleMaps
    - GooglePlacePicker
    - GooglePlaces
    - GooglePlacesSearchController
    - GoogleSignIn
    - GoogleToolboxForMac
    - GTMOAuth2
    - GTMSessionFetcher
    - ImageSlideshow
    - JSQMessagesViewController
    - JSQSystemSoundPlayer
    - Kingfisher
    - Protobuf
    - ReachabilitySwift
    - SANotificationViews
    - SVProgressHUD
    - SwiftyJSON
    - WARangeSlider

SPEC CHECKSUMS:
  Alamofire: f41a599bd63041760b26d393ec1069d9d7b917f4
  Bolts: ac6567323eac61e203f6a9763667d0f711be34c8
  CRNotifications: 887e7a676aa7b8f6684620f96618b6642c531394
  FacebookCore: 3ffa190a3f1f96cec0e44d3fc221bc322c595ffa
  FacebookLogin: 0af839ea858faef99550d16596b87b4a8e8906e6
  FBSDKCoreKit: 7c4bba2877781a131ab5d54c0a78c405d4307b62
  FBSDKLoginKit: fe7a7e82373dc5daad92e1623219e86224ab1fb1
  Firebase: 4b66b5b59c43edac745b87f0c87e42cdd0279c13
  FirebaseAnalytics: e5fe8486efc01bec33f6bf82e2fa9fce4b124052
  FirebaseAuth: cc8a1824170adbd351edb7f994490a3fb5c18be6
  FirebaseCore: 9691ee2ade70c098d7cf92440f4303f16d83ca75
  FirebaseDatabase: 05c96d7b43a7368dc91c07791adb49683e1738d1
  FirebaseInstanceID: b9eedd6846fb5e1f0f7279e1deaa7a7e4cf8392e
  FirebaseMessaging: 753d05a925e9eb8eadd09a0ffc9b808578b72fac
  FirebaseRemoteConfig: af3003f4e8daa2bd1d5cf90d3cccc1fe224f8ed9
  FirebaseStorage: a5c55b23741a49a72af8f30f95b3bb5ddbeda12d
  Google: 98da4b1a60ed0beb80a290387a28333406a1eb90
  GoogleMaps: f79af95cb24d869457b1f961c93d3ce8b2f3b848
  GooglePlacePicker: 59ea44db173c58486ad6123993e81feefcbce9c3
  GooglePlaces: 3d06e6c99654545b4738ce49648745779c25f2ef
  GooglePlacesSearchController: 0ac4fedf1582d2e44329c417a6eed80ccf62d716
  GoogleSignIn: d9ef55b10f0aa401a5de2747f59b725e4b9732ac
  GoogleToolboxForMac: 2501e2ad72a52eb3dfe7bd9aee7dad11b858bd20
  GTMOAuth2: e8b6512c896235149df975c41d9a36c868ab7fba
  GTMSessionFetcher: 5bb1eae636127de695590f50e7d248483eb891e6
  ImageSlideshow: ae3de479b8c70dc751142d21573f5a28dbb97d4d
  JSQMessagesViewController: 6587f56aedbcb150a8ba1d968e1ef58b1bc758b7
  JSQSystemSoundPlayer: c5850e77a4363ffd374cd851154b9af93264ed8d
  Kingfisher: 1f9157d9c02b380cbd0b7cc890161195164eb634
  Protobuf: 8a9838fba8dae3389230e1b7f8c104aa32389c03
  ReachabilitySwift: 6849231cd4e06559f3b9ef4a97a0a0f96d41e09f
  SANotificationViews: da9329c2ef421e8c3fcfcbc1a547e5157dd1f9c6
  SVProgressHUD: 59b2d3dabacbd051576d21d32293ca7228dc18b0
  SwiftyJSON: 070dabdcb1beb81b247c65ffa3a79dbbfb3b48aa
  WARangeSlider: 54b3e0853b8d16c444fd539005901aecee86837d

PODFILE CHECKSUM: 5c21b5874a75784524e88838ae665c6cecc620b2

COCOAPODS: 1.5.3
